
Microsoft Visual Studio Solution File, Format Version 12.00
# Visual Studio Version 17
VisualStudioVersion = 17.6.33712.159
MinimumVisualStudioVersion = 10.0.40219.1
Project("{FAE04EC0-301F-11D3-BF4B-00C04F79EFBC}") = "IteratorHW", "IteratorHW.csproj", "{33A9C6A3-D504-457E-9BC8-7A6458EE732C}"
EndProject
Global
	GlobalSection(SolutionConfigurationPlatforms) = preSolution
		Debug|Any CPU = Debug|Any CPU
		Release|Any CPU = Release|Any CPU
	EndGlobalSection
	GlobalSection(ProjectConfigurationPlatforms) = postSolution
		{33A9C6A3-D504-457E-9BC8-7A6458EE732C}.Debug|Any CPU.ActiveCfg = Debug|Any CPU
		{33A9C6A3-D504-457E-9BC8-7A6458EE732C}.Debug|Any CPU.Build.0 = Debug|Any CPU
		{33A9C6A3-D504-457E-9BC8-7A6458EE732C}.Release|Any CPU.ActiveCfg = Release|Any CPU
		{33A9C6A3-D504-457E-9BC8-7A6458EE732C}.Release|Any CPU.Build.0 = Release|Any CPU
	EndGlobalSection
	GlobalSection(SolutionProperties) = preSolution
		HideSolutionNode = FALSE
	EndGlobalSection
	GlobalSection(ExtensibilityGlobals) = postSolution
		SolutionGuid = {69D4F08B-D0D8-4BEA-905F-3B451DB298E5}
	EndGlobalSection
EndGlobal
